
Microsoft Visual Studio Solution File, Format Version 12.00
# Visual Studio 15
VisualStudioVersion = 15.0.27130.2036
MinimumVisualStudioVersion = 10.0.40219.1
Project("{E24C65DC-7377-472B-9ABA-BC803B73C61A}") = "rohit8932.github.io", "rohit8932.github.io\", "{B4C0B2FE-CA8A-482C-B6D9-9EED32CB3BBD}"
	ProjectSection(WebsiteProperties) = preProject
		TargetFrameworkMoniker = ".NETFramework,Version%3Dv4.6.1"
		Debug.AspNetCompiler.VirtualPath = "/localhost_55551"
		Debug.AspNetCompiler.PhysicalPath = "rohit8932.github.io\"
		Debug.AspNetCompiler.TargetPath = "PrecompiledWeb\localhost_55551\"
		Debug.AspNetCompiler.Updateable = "true"
		Debug.AspNetCompiler.ForceOverwrite = "true"
		Debug.AspNetCompiler.FixedNames = "false"
		Debug.AspNetCompiler.Debug = "True"
		Release.AspNetCompiler.VirtualPath = "/localhost_55551"
		Release.AspNetCompiler.PhysicalPath = "rohit8932.github.io\"
		Release.AspNetCompiler.TargetPath = "PrecompiledWeb\localhost_55551\"
		Release.AspNetCompiler.Updateable = "true"
		Release.AspNetCompiler.ForceOverwrite = "true"
		Release.AspNetCompiler.FixedNames = "false"
		Release.AspNetCompiler.Debug = "False"
		VWDPort = "55551"
		SlnRelativePath = "rohit8932.github.io\"
		DefaultWebSiteLanguage = "Visual C#"
	EndProjectSection
EndProject
Global
	GlobalSection(SolutionConfigurationPlatforms) = preSolution
		Debug|Any CPU = Debug|Any CPU
	EndGlobalSection
	GlobalSection(ProjectConfigurationPlatforms) = postSolution
		{B4C0B2FE-CA8A-482C-B6D9-9EED32CB3BBD}.Debug|Any CPU.ActiveCfg = Debug|Any CPU
		{B4C0B2FE-CA8A-482C-B6D9-9EED32CB3BBD}.Debug|Any CPU.Build.0 = Debug|Any CPU
	EndGlobalSection
	GlobalSection(SolutionProperties) = preSolution
		HideSolutionNode = FALSE
	EndGlobalSection
	GlobalSection(ExtensibilityGlobals) = postSolution
		SolutionGuid = {EBB8ED9B-7F3F-406C-8473-08F3B3EC4D66}
	EndGlobalSection
EndGlobal
